
Microsoft Visual Studio Solution File, Format Version 12.00
Project("{FAE04EC0-301F-11D3-BF4B-00C04F79EFBC}") = "backend-lab", "backend-lab\backend-lab.csproj", "{1EAAD0F4-A212-44B5-AAF2-C6799981ECEF}"
EndProject
Project("{2150E333-8FDC-42A3-9474-1A3956D46DE8}") = "Solution Items", "Solution Items", "{ABF56C12-10D0-467A-BFAF-8E611B00B68C}"
	ProjectSection(SolutionItems) = preProject
		docker-compose.yml = docker-compose.yml
	EndProjectSection
EndProject
Project("{FAE04EC0-301F-11D3-BF4B-00C04F79EFBC}") = "DataLayer", "DataLayer\DataLayer.csproj", "{3DE1339F-49C8-4D34-84BB-61ADCEEB4802}"
EndProject
Project("{FAE04EC0-301F-11D3-BF4B-00C04F79EFBC}") = "Models", "Models\Models.csproj", "{3CF20987-CEBE-4666-AAE5-1954C581D9D1}"
EndProject
Global
	GlobalSection(SolutionConfigurationPlatforms) = preSolution
		Debug|Any CPU = Debug|Any CPU
		Release|Any CPU = Release|Any CPU
	EndGlobalSection
	GlobalSection(ProjectConfigurationPlatforms) = postSolution
		{1EAAD0F4-A212-44B5-AAF2-C6799981ECEF}.Debug|Any CPU.ActiveCfg = Debug|Any CPU
		{1EAAD0F4-A212-44B5-AAF2-C6799981ECEF}.Debug|Any CPU.Build.0 = Debug|Any CPU
		{1EAAD0F4-A212-44B5-AAF2-C6799981ECEF}.Release|Any CPU.ActiveCfg = Release|Any CPU
		{1EAAD0F4-A212-44B5-AAF2-C6799981ECEF}.Release|Any CPU.Build.0 = Release|Any CPU
		{3DE1339F-49C8-4D34-84BB-61ADCEEB4802}.Debug|Any CPU.ActiveCfg = Debug|Any CPU
		{3DE1339F-49C8-4D34-84BB-61ADCEEB4802}.Debug|Any CPU.Build.0 = Debug|Any CPU
		{3DE1339F-49C8-4D34-84BB-61ADCEEB4802}.Release|Any CPU.ActiveCfg = Release|Any CPU
		{3DE1339F-49C8-4D34-84BB-61ADCEEB4802}.Release|Any CPU.Build.0 = Release|Any CPU
		{3CF20987-CEBE-4666-AAE5-1954C581D9D1}.Debug|Any CPU.ActiveCfg = Debug|Any CPU
		{3CF20987-CEBE-4666-AAE5-1954C581D9D1}.Debug|Any CPU.Build.0 = Debug|Any CPU
		{3CF20987-CEBE-4666-AAE5-1954C581D9D1}.Release|Any CPU.ActiveCfg = Release|Any CPU
		{3CF20987-CEBE-4666-AAE5-1954C581D9D1}.Release|Any CPU.Build.0 = Release|Any CPU
	EndGlobalSection
EndGlobal
