
Microsoft Visual Studio Solution File, Format Version 12.00
Project("{FAE04EC0-301F-11D3-BF4B-00C04F79EFBC}") = "backend-lab", "backend-lab\backend-lab.csproj", "{1EAAD0F4-A212-44B5-AAF2-C6799981ECEF}"
EndProject
Global
	GlobalSection(SolutionConfigurationPlatforms) = preSolution
		Debug|Any CPU = Debug|Any CPU
		Release|Any CPU = Release|Any CPU
	EndGlobalSection
	GlobalSection(ProjectConfigurationPlatforms) = postSolution
		{1EAAD0F4-A212-44B5-AAF2-C6799981ECEF}.Debug|Any CPU.ActiveCfg = Debug|Any CPU
		{1EAAD0F4-A212-44B5-AAF2-C6799981ECEF}.Debug|Any CPU.Build.0 = Debug|Any CPU
		{1EAAD0F4-A212-44B5-AAF2-C6799981ECEF}.Release|Any CPU.ActiveCfg = Release|Any CPU
		{1EAAD0F4-A212-44B5-AAF2-C6799981ECEF}.Release|Any CPU.Build.0 = Release|Any CPU
	EndGlobalSection
EndGlobal
